
Microsoft Visual Studio Solution File, Format Version 12.00
# Visual Studio 2012
Project("{FAE04EC0-301F-11D3-BF4B-00C04F79EFBC}") = "Calculador", "Calculador\Calculador.csproj", "{A844AE07-C418-4300-A081-73539F0820F6}"
EndProject
Project("{FAE04EC0-301F-11D3-BF4B-00C04F79EFBC}") = "Interfaces", "..\Tester\Interfaces\Interfaces.csproj", "{FF0B5BB2-B79F-4C15-A858-84D887733181}"
EndProject
Project("{FAE04EC0-301F-11D3-BF4B-00C04F79EFBC}") = "Calculador.Testes", "Calculador.Testes\Calculador.Testes.csproj", "{BA3C9CFF-A371-4B1A-BE19-74ED19A9B699}"
EndProject
Global
	GlobalSection(SolutionConfigurationPlatforms) = preSolution
		Debug|Any CPU = Debug|Any CPU
		Release|Any CPU = Release|Any CPU
	EndGlobalSection
	GlobalSection(ProjectConfigurationPlatforms) = postSolution
		{A844AE07-C418-4300-A081-73539F0820F6}.Debug|Any CPU.ActiveCfg = Debug|Any CPU
		{A844AE07-C418-4300-A081-73539F0820F6}.Debug|Any CPU.Build.0 = Debug|Any CPU
		{A844AE07-C418-4300-A081-73539F0820F6}.Release|Any CPU.ActiveCfg = Release|Any CPU
		{A844AE07-C418-4300-A081-73539F0820F6}.Release|Any CPU.Build.0 = Release|Any CPU
		{FF0B5BB2-B79F-4C15-A858-84D887733181}.Debug|Any CPU.ActiveCfg = Debug|Any CPU
		{FF0B5BB2-B79F-4C15-A858-84D887733181}.Debug|Any CPU.Build.0 = Debug|Any CPU
		{FF0B5BB2-B79F-4C15-A858-84D887733181}.Release|Any CPU.ActiveCfg = Release|Any CPU
		{FF0B5BB2-B79F-4C15-A858-84D887733181}.Release|Any CPU.Build.0 = Release|Any CPU
		{BA3C9CFF-A371-4B1A-BE19-74ED19A9B699}.Debug|Any CPU.ActiveCfg = Debug|Any CPU
		{BA3C9CFF-A371-4B1A-BE19-74ED19A9B699}.Debug|Any CPU.Build.0 = Debug|Any CPU
		{BA3C9CFF-A371-4B1A-BE19-74ED19A9B699}.Release|Any CPU.ActiveCfg = Release|Any CPU
		{BA3C9CFF-A371-4B1A-BE19-74ED19A9B699}.Release|Any CPU.Build.0 = Release|Any CPU
	EndGlobalSection
	GlobalSection(SolutionProperties) = preSolution
		HideSolutionNode = FALSE
	EndGlobalSection
EndGlobal
