
Microsoft Visual Studio Solution File, Format Version 12.00
# Visual Studio 2012
Project("{FAE04EC0-301F-11D3-BF4B-00C04F79EFBC}") = "Interfaces", "Interfaces\Interfaces.csproj", "{FF0B5BB2-B79F-4C15-A858-84D887733181}"
EndProject
Project("{2150E333-8FDC-42A3-9474-1A3956D46DE8}") = "Solutions", "Solutions", "{2446A139-6B2D-43D7-8E10-814E796E9B50}"
EndProject
Project("{FAE04EC0-301F-11D3-BF4B-00C04F79EFBC}") = "Calculador", "Solutions\CleanCoded\Calculador\Calculador.csproj", "{A844AE07-C418-4300-A081-73539F0820F6}"
EndProject
Project("{FAE04EC0-301F-11D3-BF4B-00C04F79EFBC}") = "Voluntario1", "Solutions\CleanCoded\Voluntario1\Voluntario1.csproj", "{2A0A7D2E-CCDC-49FC-951D-541455FBEEA0}"
EndProject
Project("{2150E333-8FDC-42A3-9474-1A3956D46DE8}") = "Tests", "Tests", "{C48088D8-99DF-4905-8592-0FD8ECCD780C}"
EndProject
Project("{2150E333-8FDC-42A3-9474-1A3956D46DE8}") = "CleanCoded", "CleanCoded", "{9481EE21-F417-4AC4-9B32-22A02DE0A6AD}"
EndProject
Project("{2150E333-8FDC-42A3-9474-1A3956D46DE8}") = "DirtyCoded", "DirtyCoded", "{AF9EFDF1-6E5F-4B3A-AA49-0A247137D8C4}"
EndProject
Project("{2150E333-8FDC-42A3-9474-1A3956D46DE8}") = "CleanCoded", "CleanCoded", "{57F72DCA-7E2A-48CC-A68C-95399885D88B}"
EndProject
Project("{2150E333-8FDC-42A3-9474-1A3956D46DE8}") = "DirtyCoded", "DirtyCoded", "{3B36E2D7-0626-4002-B949-59396AFDD933}"
EndProject
Project("{FAE04EC0-301F-11D3-BF4B-00C04F79EFBC}") = "CleanCoded", "Tests\CleanCoded\CleanCoded\CleanCoded.csproj", "{1C495BEE-BE48-497C-BE7A-8CA95E9561F0}"
EndProject
Project("{FAE04EC0-301F-11D3-BF4B-00C04F79EFBC}") = "Voluntario1Test", "Tests\CleanCoded\Voluntario1Test\Voluntario1Test.csproj", "{6121D6B4-4813-4BB9-9C9E-0035271B3BF5}"
EndProject
Project("{FAE04EC0-301F-11D3-BF4B-00C04F79EFBC}") = "Voluntario2", "Solutions\CleanCoded\Voluntario2\Voluntario2.csproj", "{98FAB7BB-C309-48E1-BDD4-BA5D6E9AFD7F}"
EndProject
Project("{FAE04EC0-301F-11D3-BF4B-00C04F79EFBC}") = "Voluntario2Test", "Tests\CleanCoded\Voluntario2Test\Voluntario2Test.csproj", "{BDA2C055-A1FA-4352-8E81-4E5C85F53318}"
EndProject
Project("{FAE04EC0-301F-11D3-BF4B-00C04F79EFBC}") = "Calculador", "Solutions\DirtyCoded\Calculador\Calculador.csproj", "{502194CE-2EE1-43D0-84C0-4AC9C98DDFE7}"
EndProject
Project("{FAE04EC0-301F-11D3-BF4B-00C04F79EFBC}") = "DirtyCoded", "Tests\DirtyCoded\DirtyCoded\DirtyCoded.csproj", "{9461F960-1ADD-4827-A272-BBD775035AE5}"
EndProject
Project("{FAE04EC0-301F-11D3-BF4B-00C04F79EFBC}") = "Voluntario3", "Solutions\CleanCoded\Voluntario3\Voluntario3.csproj", "{5618AE6B-9EBD-481F-8AEE-BB8230529D82}"
EndProject
Project("{FAE04EC0-301F-11D3-BF4B-00C04F79EFBC}") = "Voluntario4", "Solutions\CleanCoded\Voluntario4\Voluntario4.csproj", "{231CA3C6-3CCC-4008-A549-17F58644CC6B}"
EndProject
Project("{FAE04EC0-301F-11D3-BF4B-00C04F79EFBC}") = "Voluntario1", "Solutions\DirtyCoded\Voluntario1\Voluntario1.csproj", "{8F8ECE58-C2B8-45F5-90DC-32C782875C6F}"
EndProject
Project("{FAE04EC0-301F-11D3-BF4B-00C04F79EFBC}") = "Voluntario2", "Solutions\DirtyCoded\Voluntario2\Voluntario2.csproj", "{92133B7E-9D90-48F9-A0E2-AC3674AC85AA}"
EndProject
Project("{FAE04EC0-301F-11D3-BF4B-00C04F79EFBC}") = "Voluntario3", "Solutions\DirtyCoded\Voluntario3\Voluntario3.csproj", "{5BCC3D85-2356-4F02-B26C-B8AA414F45B5}"
EndProject
Global
	GlobalSection(SolutionConfigurationPlatforms) = preSolution
		Debug|Any CPU = Debug|Any CPU
		Release|Any CPU = Release|Any CPU
	EndGlobalSection
	GlobalSection(ProjectConfigurationPlatforms) = postSolution
		{FF0B5BB2-B79F-4C15-A858-84D887733181}.Debug|Any CPU.ActiveCfg = Debug|Any CPU
		{FF0B5BB2-B79F-4C15-A858-84D887733181}.Debug|Any CPU.Build.0 = Debug|Any CPU
		{FF0B5BB2-B79F-4C15-A858-84D887733181}.Release|Any CPU.ActiveCfg = Release|Any CPU
		{FF0B5BB2-B79F-4C15-A858-84D887733181}.Release|Any CPU.Build.0 = Release|Any CPU
		{A844AE07-C418-4300-A081-73539F0820F6}.Debug|Any CPU.ActiveCfg = Debug|Any CPU
		{A844AE07-C418-4300-A081-73539F0820F6}.Debug|Any CPU.Build.0 = Debug|Any CPU
		{A844AE07-C418-4300-A081-73539F0820F6}.Release|Any CPU.ActiveCfg = Release|Any CPU
		{A844AE07-C418-4300-A081-73539F0820F6}.Release|Any CPU.Build.0 = Release|Any CPU
		{2A0A7D2E-CCDC-49FC-951D-541455FBEEA0}.Debug|Any CPU.ActiveCfg = Debug|Any CPU
		{2A0A7D2E-CCDC-49FC-951D-541455FBEEA0}.Debug|Any CPU.Build.0 = Debug|Any CPU
		{2A0A7D2E-CCDC-49FC-951D-541455FBEEA0}.Release|Any CPU.ActiveCfg = Release|Any CPU
		{2A0A7D2E-CCDC-49FC-951D-541455FBEEA0}.Release|Any CPU.Build.0 = Release|Any CPU
		{1C495BEE-BE48-497C-BE7A-8CA95E9561F0}.Debug|Any CPU.ActiveCfg = Debug|Any CPU
		{1C495BEE-BE48-497C-BE7A-8CA95E9561F0}.Debug|Any CPU.Build.0 = Debug|Any CPU
		{1C495BEE-BE48-497C-BE7A-8CA95E9561F0}.Release|Any CPU.ActiveCfg = Release|Any CPU
		{1C495BEE-BE48-497C-BE7A-8CA95E9561F0}.Release|Any CPU.Build.0 = Release|Any CPU
		{6121D6B4-4813-4BB9-9C9E-0035271B3BF5}.Debug|Any CPU.ActiveCfg = Debug|Any CPU
		{6121D6B4-4813-4BB9-9C9E-0035271B3BF5}.Debug|Any CPU.Build.0 = Debug|Any CPU
		{6121D6B4-4813-4BB9-9C9E-0035271B3BF5}.Release|Any CPU.ActiveCfg = Release|Any CPU
		{6121D6B4-4813-4BB9-9C9E-0035271B3BF5}.Release|Any CPU.Build.0 = Release|Any CPU
		{98FAB7BB-C309-48E1-BDD4-BA5D6E9AFD7F}.Debug|Any CPU.ActiveCfg = Debug|Any CPU
		{98FAB7BB-C309-48E1-BDD4-BA5D6E9AFD7F}.Debug|Any CPU.Build.0 = Debug|Any CPU
		{98FAB7BB-C309-48E1-BDD4-BA5D6E9AFD7F}.Release|Any CPU.ActiveCfg = Release|Any CPU
		{98FAB7BB-C309-48E1-BDD4-BA5D6E9AFD7F}.Release|Any CPU.Build.0 = Release|Any CPU
		{BDA2C055-A1FA-4352-8E81-4E5C85F53318}.Debug|Any CPU.ActiveCfg = Debug|Any CPU
		{BDA2C055-A1FA-4352-8E81-4E5C85F53318}.Debug|Any CPU.Build.0 = Debug|Any CPU
		{BDA2C055-A1FA-4352-8E81-4E5C85F53318}.Release|Any CPU.ActiveCfg = Release|Any CPU
		{BDA2C055-A1FA-4352-8E81-4E5C85F53318}.Release|Any CPU.Build.0 = Release|Any CPU
		{502194CE-2EE1-43D0-84C0-4AC9C98DDFE7}.Debug|Any CPU.ActiveCfg = Debug|Any CPU
		{502194CE-2EE1-43D0-84C0-4AC9C98DDFE7}.Debug|Any CPU.Build.0 = Debug|Any CPU
		{502194CE-2EE1-43D0-84C0-4AC9C98DDFE7}.Release|Any CPU.ActiveCfg = Release|Any CPU
		{502194CE-2EE1-43D0-84C0-4AC9C98DDFE7}.Release|Any CPU.Build.0 = Release|Any CPU
		{9461F960-1ADD-4827-A272-BBD775035AE5}.Debug|Any CPU.ActiveCfg = Debug|Any CPU
		{9461F960-1ADD-4827-A272-BBD775035AE5}.Debug|Any CPU.Build.0 = Debug|Any CPU
		{9461F960-1ADD-4827-A272-BBD775035AE5}.Release|Any CPU.ActiveCfg = Release|Any CPU
		{9461F960-1ADD-4827-A272-BBD775035AE5}.Release|Any CPU.Build.0 = Release|Any CPU
		{5618AE6B-9EBD-481F-8AEE-BB8230529D82}.Debug|Any CPU.ActiveCfg = Debug|Any CPU
		{5618AE6B-9EBD-481F-8AEE-BB8230529D82}.Debug|Any CPU.Build.0 = Debug|Any CPU
		{5618AE6B-9EBD-481F-8AEE-BB8230529D82}.Release|Any CPU.ActiveCfg = Release|Any CPU
		{5618AE6B-9EBD-481F-8AEE-BB8230529D82}.Release|Any CPU.Build.0 = Release|Any CPU
		{231CA3C6-3CCC-4008-A549-17F58644CC6B}.Debug|Any CPU.ActiveCfg = Debug|Any CPU
		{231CA3C6-3CCC-4008-A549-17F58644CC6B}.Debug|Any CPU.Build.0 = Debug|Any CPU
		{231CA3C6-3CCC-4008-A549-17F58644CC6B}.Release|Any CPU.ActiveCfg = Release|Any CPU
		{231CA3C6-3CCC-4008-A549-17F58644CC6B}.Release|Any CPU.Build.0 = Release|Any CPU
		{8F8ECE58-C2B8-45F5-90DC-32C782875C6F}.Debug|Any CPU.ActiveCfg = Debug|Any CPU
		{8F8ECE58-C2B8-45F5-90DC-32C782875C6F}.Debug|Any CPU.Build.0 = Debug|Any CPU
		{8F8ECE58-C2B8-45F5-90DC-32C782875C6F}.Release|Any CPU.ActiveCfg = Release|Any CPU
		{8F8ECE58-C2B8-45F5-90DC-32C782875C6F}.Release|Any CPU.Build.0 = Release|Any CPU
		{92133B7E-9D90-48F9-A0E2-AC3674AC85AA}.Debug|Any CPU.ActiveCfg = Debug|Any CPU
		{92133B7E-9D90-48F9-A0E2-AC3674AC85AA}.Debug|Any CPU.Build.0 = Debug|Any CPU
		{92133B7E-9D90-48F9-A0E2-AC3674AC85AA}.Release|Any CPU.ActiveCfg = Release|Any CPU
		{92133B7E-9D90-48F9-A0E2-AC3674AC85AA}.Release|Any CPU.Build.0 = Release|Any CPU
		{5BCC3D85-2356-4F02-B26C-B8AA414F45B5}.Debug|Any CPU.ActiveCfg = Debug|Any CPU
		{5BCC3D85-2356-4F02-B26C-B8AA414F45B5}.Debug|Any CPU.Build.0 = Debug|Any CPU
		{5BCC3D85-2356-4F02-B26C-B8AA414F45B5}.Release|Any CPU.ActiveCfg = Release|Any CPU
		{5BCC3D85-2356-4F02-B26C-B8AA414F45B5}.Release|Any CPU.Build.0 = Release|Any CPU
	EndGlobalSection
	GlobalSection(SolutionProperties) = preSolution
		HideSolutionNode = FALSE
	EndGlobalSection
	GlobalSection(NestedProjects) = preSolution
		{57F72DCA-7E2A-48CC-A68C-95399885D88B} = {2446A139-6B2D-43D7-8E10-814E796E9B50}
		{3B36E2D7-0626-4002-B949-59396AFDD933} = {2446A139-6B2D-43D7-8E10-814E796E9B50}
		{2A0A7D2E-CCDC-49FC-951D-541455FBEEA0} = {57F72DCA-7E2A-48CC-A68C-95399885D88B}
		{A844AE07-C418-4300-A081-73539F0820F6} = {57F72DCA-7E2A-48CC-A68C-95399885D88B}
		{98FAB7BB-C309-48E1-BDD4-BA5D6E9AFD7F} = {57F72DCA-7E2A-48CC-A68C-95399885D88B}
		{5618AE6B-9EBD-481F-8AEE-BB8230529D82} = {57F72DCA-7E2A-48CC-A68C-95399885D88B}
		{231CA3C6-3CCC-4008-A549-17F58644CC6B} = {57F72DCA-7E2A-48CC-A68C-95399885D88B}
		{9481EE21-F417-4AC4-9B32-22A02DE0A6AD} = {C48088D8-99DF-4905-8592-0FD8ECCD780C}
		{AF9EFDF1-6E5F-4B3A-AA49-0A247137D8C4} = {C48088D8-99DF-4905-8592-0FD8ECCD780C}
		{1C495BEE-BE48-497C-BE7A-8CA95E9561F0} = {9481EE21-F417-4AC4-9B32-22A02DE0A6AD}
		{6121D6B4-4813-4BB9-9C9E-0035271B3BF5} = {9481EE21-F417-4AC4-9B32-22A02DE0A6AD}
		{BDA2C055-A1FA-4352-8E81-4E5C85F53318} = {9481EE21-F417-4AC4-9B32-22A02DE0A6AD}
		{9461F960-1ADD-4827-A272-BBD775035AE5} = {AF9EFDF1-6E5F-4B3A-AA49-0A247137D8C4}
		{502194CE-2EE1-43D0-84C0-4AC9C98DDFE7} = {3B36E2D7-0626-4002-B949-59396AFDD933}
		{8F8ECE58-C2B8-45F5-90DC-32C782875C6F} = {3B36E2D7-0626-4002-B949-59396AFDD933}
		{92133B7E-9D90-48F9-A0E2-AC3674AC85AA} = {3B36E2D7-0626-4002-B949-59396AFDD933}
		{5BCC3D85-2356-4F02-B26C-B8AA414F45B5} = {3B36E2D7-0626-4002-B949-59396AFDD933}
	EndGlobalSection
EndGlobal
