
Microsoft Visual Studio Solution File, Format Version 12.00
# Visual Studio 2012
Project("{FAE04EC0-301F-11D3-BF4B-00C04F79EFBC}") = "SingleResponsibility", "SingleResponsibility\SingleResponsibility.csproj", "{7BD01240-E208-4EB8-BA95-B2E261CC94A9}"
EndProject
Project("{FAE04EC0-301F-11D3-BF4B-00C04F79EFBC}") = "OpenClosed", "OpenClosed\OpenClosed.csproj", "{F2D71471-9642-4BBA-BDAC-76FFFD52D8C6}"
EndProject
Project("{FAE04EC0-301F-11D3-BF4B-00C04F79EFBC}") = "LiskovSubstitution", "LiskovSubstitution\LiskovSubstitution.csproj", "{419F2C58-9CB1-4B42-AE9F-60DE2A93A15E}"
EndProject
Project("{FAE04EC0-301F-11D3-BF4B-00C04F79EFBC}") = "InterfaceSegregation", "InterfaceSegregation\InterfaceSegregation.csproj", "{68C28780-3878-435D-A51A-2582506FE505}"
EndProject
Project("{FAE04EC0-301F-11D3-BF4B-00C04F79EFBC}") = "CleanCode", "CleanCode\CleanCode.csproj", "{27678E05-5C94-411B-8FA0-E1B70D591E2F}"
EndProject
Global
	GlobalSection(SolutionConfigurationPlatforms) = preSolution
		Debug|Any CPU = Debug|Any CPU
		Release|Any CPU = Release|Any CPU
	EndGlobalSection
	GlobalSection(ProjectConfigurationPlatforms) = postSolution
		{7BD01240-E208-4EB8-BA95-B2E261CC94A9}.Debug|Any CPU.ActiveCfg = Debug|Any CPU
		{7BD01240-E208-4EB8-BA95-B2E261CC94A9}.Debug|Any CPU.Build.0 = Debug|Any CPU
		{7BD01240-E208-4EB8-BA95-B2E261CC94A9}.Release|Any CPU.ActiveCfg = Release|Any CPU
		{7BD01240-E208-4EB8-BA95-B2E261CC94A9}.Release|Any CPU.Build.0 = Release|Any CPU
		{F2D71471-9642-4BBA-BDAC-76FFFD52D8C6}.Debug|Any CPU.ActiveCfg = Debug|Any CPU
		{F2D71471-9642-4BBA-BDAC-76FFFD52D8C6}.Debug|Any CPU.Build.0 = Debug|Any CPU
		{F2D71471-9642-4BBA-BDAC-76FFFD52D8C6}.Release|Any CPU.ActiveCfg = Release|Any CPU
		{F2D71471-9642-4BBA-BDAC-76FFFD52D8C6}.Release|Any CPU.Build.0 = Release|Any CPU
		{419F2C58-9CB1-4B42-AE9F-60DE2A93A15E}.Debug|Any CPU.ActiveCfg = Debug|Any CPU
		{419F2C58-9CB1-4B42-AE9F-60DE2A93A15E}.Debug|Any CPU.Build.0 = Debug|Any CPU
		{419F2C58-9CB1-4B42-AE9F-60DE2A93A15E}.Release|Any CPU.ActiveCfg = Release|Any CPU
		{419F2C58-9CB1-4B42-AE9F-60DE2A93A15E}.Release|Any CPU.Build.0 = Release|Any CPU
		{68C28780-3878-435D-A51A-2582506FE505}.Debug|Any CPU.ActiveCfg = Debug|Any CPU
		{68C28780-3878-435D-A51A-2582506FE505}.Debug|Any CPU.Build.0 = Debug|Any CPU
		{68C28780-3878-435D-A51A-2582506FE505}.Release|Any CPU.ActiveCfg = Release|Any CPU
		{68C28780-3878-435D-A51A-2582506FE505}.Release|Any CPU.Build.0 = Release|Any CPU
		{27678E05-5C94-411B-8FA0-E1B70D591E2F}.Debug|Any CPU.ActiveCfg = Debug|Any CPU
		{27678E05-5C94-411B-8FA0-E1B70D591E2F}.Debug|Any CPU.Build.0 = Debug|Any CPU
		{27678E05-5C94-411B-8FA0-E1B70D591E2F}.Release|Any CPU.ActiveCfg = Release|Any CPU
		{27678E05-5C94-411B-8FA0-E1B70D591E2F}.Release|Any CPU.Build.0 = Release|Any CPU
	EndGlobalSection
	GlobalSection(SolutionProperties) = preSolution
		HideSolutionNode = FALSE
	EndGlobalSection
	GlobalSection(ExtensibilityGlobals) = postSolution
		EnterpriseLibraryConfigurationToolBinariesPath = packages\Unity.2.1.505.2\lib\NET35
	EndGlobalSection
EndGlobal
